"@hzero-front-ui/c7n-ui@3.0.1-alpha.12":
  version "3.0.1-alpha.12"
  resolved "http://nexus.saas.hand-china.com/repository/hzero-npm-group/@hzero-front-ui/c7n-ui/-/c7n-ui-3.0.1-alpha.12.tgz#a425a1380ebf3fd344eaff299dae1871673f2372"
  integrity sha512-DTAaaGzgPkdQ2XK3aNbp92s8VrQ19vcbMYyr0AMAHfq1pqoz/DpOaWR5/Gu3+ThfPjFlUbvNKP7DBKRX8UcnoA==