"@hzero-front-ui/core@3.0.0-alpha.15":
  version "3.0.0-alpha.15"
  resolved "http://nexus.saas.hand-china.com/repository/hzero-npm-group/@hzero-front-ui/core/-/core-3.0.0-alpha.15.tgz#30c2d4a8fa3f9e7a8e5d17b737e5ce1baf5979dc"
  integrity sha512-DIIFiyefT6FZ0eQPZ/ELP4FYJHV6X2MlHoC8OvUfCXlq4BoqaCB+KM+AdMyiCZYr3Kdf+OLaftn/qFYFGjqqqQ==
  dependencies:
    styled-components "^5.2.0"
    tinycolor2 "^1.4.2"
